
Microsoft Visual Studio Solution File, Format Version 12.00
# Visual Studio Version 17
VisualStudioVersion = 17.6.33815.320
MinimumVisualStudioVersion = 10.0.40219.1
Project("{FAE04EC0-301F-11D3-BF4B-00C04F79EFBC}") = "Calculadora", "Calculadora\Calculadora.csproj", "{05A8ECDB-285C-4D1B-A8D4-74409088B315}"
EndProject
Project("{FAE04EC0-301F-11D3-BF4B-00C04F79EFBC}") = "CalculadoraTest", "CalculadoraTest\CalculadoraTest.csproj", "{4A450F06-6E89-44D0-9152-0DFAEB900DD1}"
EndProject
Global
	GlobalSection(SolutionConfigurationPlatforms) = preSolution
		Debug|Any CPU = Debug|Any CPU
		Release|Any CPU = Release|Any CPU
	EndGlobalSection
	GlobalSection(ProjectConfigurationPlatforms) = postSolution
		{05A8ECDB-285C-4D1B-A8D4-74409088B315}.Debug|Any CPU.ActiveCfg = Debug|Any CPU
		{05A8ECDB-285C-4D1B-A8D4-74409088B315}.Debug|Any CPU.Build.0 = Debug|Any CPU
		{05A8ECDB-285C-4D1B-A8D4-74409088B315}.Release|Any CPU.ActiveCfg = Release|Any CPU
		{05A8ECDB-285C-4D1B-A8D4-74409088B315}.Release|Any CPU.Build.0 = Release|Any CPU
		{4A450F06-6E89-44D0-9152-0DFAEB900DD1}.Debug|Any CPU.ActiveCfg = Debug|Any CPU
		{4A450F06-6E89-44D0-9152-0DFAEB900DD1}.Debug|Any CPU.Build.0 = Debug|Any CPU
		{4A450F06-6E89-44D0-9152-0DFAEB900DD1}.Release|Any CPU.ActiveCfg = Release|Any CPU
		{4A450F06-6E89-44D0-9152-0DFAEB900DD1}.Release|Any CPU.Build.0 = Release|Any CPU
	EndGlobalSection
	GlobalSection(SolutionProperties) = preSolution
		HideSolutionNode = FALSE
	EndGlobalSection
	GlobalSection(ExtensibilityGlobals) = postSolution
		SolutionGuid = {8054860A-5F4A-4D88-A4B4-66343226103A}
	EndGlobalSection
EndGlobal
